
Microsoft Visual Studio Solution File, Format Version 12.00
# Visual Studio Version 17
VisualStudioVersion = 17.10.35122.118
MinimumVisualStudioVersion = 10.0.40219.1
Project("{9A19103F-16F7-4668-BE54-9A1E7A4F7556}") = "Entities", "Entities\Entities.csproj", "{C1674478-380E-4C2F-B16F-F6E24F1B03A3}"
EndProject
Project("{9A19103F-16F7-4668-BE54-9A1E7A4F7556}") = "DataAccess", "DataAccess\DataAccess.csproj", "{397B030F-99AD-453C-BA71-8CBCF5C98DBE}"
EndProject
Project("{9A19103F-16F7-4668-BE54-9A1E7A4F7556}") = "Business", "Business\Business.csproj", "{EE107ED2-D2BB-4D17-8093-3AE28366730E}"
EndProject
Project("{9A19103F-16F7-4668-BE54-9A1E7A4F7556}") = "Core", "Core\Core.csproj", "{C9A74674-5C61-416C-ABEA-9BC8B755154F}"
EndProject
Project("{9A19103F-16F7-4668-BE54-9A1E7A4F7556}") = "WebAPI", "WebAPI\WebAPI.csproj", "{69D77FE5-33EC-4323-985B-C1492E0EE191}"
EndProject
Global
	GlobalSection(SolutionConfigurationPlatforms) = preSolution
		Debug|Any CPU = Debug|Any CPU
		Release|Any CPU = Release|Any CPU
	EndGlobalSection
	GlobalSection(ProjectConfigurationPlatforms) = postSolution
		{C1674478-380E-4C2F-B16F-F6E24F1B03A3}.Debug|Any CPU.ActiveCfg = Debug|Any CPU
		{C1674478-380E-4C2F-B16F-F6E24F1B03A3}.Debug|Any CPU.Build.0 = Debug|Any CPU
		{C1674478-380E-4C2F-B16F-F6E24F1B03A3}.Release|Any CPU.ActiveCfg = Release|Any CPU
		{C1674478-380E-4C2F-B16F-F6E24F1B03A3}.Release|Any CPU.Build.0 = Release|Any CPU
		{397B030F-99AD-453C-BA71-8CBCF5C98DBE}.Debug|Any CPU.ActiveCfg = Debug|Any CPU
		{397B030F-99AD-453C-BA71-8CBCF5C98DBE}.Debug|Any CPU.Build.0 = Debug|Any CPU
		{397B030F-99AD-453C-BA71-8CBCF5C98DBE}.Release|Any CPU.ActiveCfg = Release|Any CPU
		{397B030F-99AD-453C-BA71-8CBCF5C98DBE}.Release|Any CPU.Build.0 = Release|Any CPU
		{EE107ED2-D2BB-4D17-8093-3AE28366730E}.Debug|Any CPU.ActiveCfg = Debug|Any CPU
		{EE107ED2-D2BB-4D17-8093-3AE28366730E}.Debug|Any CPU.Build.0 = Debug|Any CPU
		{EE107ED2-D2BB-4D17-8093-3AE28366730E}.Release|Any CPU.ActiveCfg = Release|Any CPU
		{EE107ED2-D2BB-4D17-8093-3AE28366730E}.Release|Any CPU.Build.0 = Release|Any CPU
		{C9A74674-5C61-416C-ABEA-9BC8B755154F}.Debug|Any CPU.ActiveCfg = Debug|Any CPU
		{C9A74674-5C61-416C-ABEA-9BC8B755154F}.Debug|Any CPU.Build.0 = Debug|Any CPU
		{C9A74674-5C61-416C-ABEA-9BC8B755154F}.Release|Any CPU.ActiveCfg = Release|Any CPU
		{C9A74674-5C61-416C-ABEA-9BC8B755154F}.Release|Any CPU.Build.0 = Release|Any CPU
		{69D77FE5-33EC-4323-985B-C1492E0EE191}.Debug|Any CPU.ActiveCfg = Debug|Any CPU
		{69D77FE5-33EC-4323-985B-C1492E0EE191}.Debug|Any CPU.Build.0 = Debug|Any CPU
		{69D77FE5-33EC-4323-985B-C1492E0EE191}.Release|Any CPU.ActiveCfg = Release|Any CPU
		{69D77FE5-33EC-4323-985B-C1492E0EE191}.Release|Any CPU.Build.0 = Release|Any CPU
	EndGlobalSection
	GlobalSection(SolutionProperties) = preSolution
		HideSolutionNode = FALSE
	EndGlobalSection
	GlobalSection(ExtensibilityGlobals) = postSolution
		SolutionGuid = {880C686D-B5F3-4349-BA9D-4701EEC04F95}
	EndGlobalSection
EndGlobal
